
Microsoft Visual Studio Solution File, Format Version 12.00
# Visual Studio Version 17
VisualStudioVersion = 17.4.33213.308
MinimumVisualStudioVersion = 10.0.40219.1
Project("{FAE04EC0-301F-11D3-BF4B-00C04F79EFBC}") = "Golf", "Golf\Golf.csproj", "{01E3A342-F2FC-49C6-8423-7AD6EBA30E01}"
EndProject
Global
	GlobalSection(SolutionConfigurationPlatforms) = preSolution
		Debug|Any CPU = Debug|Any CPU
		Release|Any CPU = Release|Any CPU
	EndGlobalSection
	GlobalSection(ProjectConfigurationPlatforms) = postSolution
		{01E3A342-F2FC-49C6-8423-7AD6EBA30E01}.Debug|Any CPU.ActiveCfg = Debug|Any CPU
		{01E3A342-F2FC-49C6-8423-7AD6EBA30E01}.Debug|Any CPU.Build.0 = Debug|Any CPU
		{01E3A342-F2FC-49C6-8423-7AD6EBA30E01}.Release|Any CPU.ActiveCfg = Release|Any CPU
		{01E3A342-F2FC-49C6-8423-7AD6EBA30E01}.Release|Any CPU.Build.0 = Release|Any CPU
	EndGlobalSection
	GlobalSection(SolutionProperties) = preSolution
		HideSolutionNode = FALSE
	EndGlobalSection
	GlobalSection(ExtensibilityGlobals) = postSolution
		SolutionGuid = {3C7355D3-0A02-4A9D-802F-C29B48ACAF8D}
	EndGlobalSection
EndGlobal
